// !$*UTF8*$!
{
	archiveVersion = 1;
	classes = {
	};
	objectVersion = 50;
	objects = {

/* Begin PBXBuildFile section */
		53138AD0213758BB00C3D02F /* AppDelegate.swift in Sources */ = {isa = PBXBuildFile; fileRef = 53138ACF213758BB00C3D02F /* AppDelegate.swift */; };
		53138AD7213758BC00C3D02F /* Assets.xcassets in Resources */ = {isa = PBXBuildFile; fileRef = 53138AD6213758BC00C3D02F /* Assets.xcassets */; };
		53138ADA213758BC00C3D02F /* LaunchScreen.storyboard in Resources */ = {isa = PBXBuildFile; fileRef = 53138AD8213758BC00C3D02F /* LaunchScreen.storyboard */; };
		53138AEA21375E2300C3D02F /* Swinject.framework in Frameworks */ = {isa = PBXBuildFile; fileRef = 53138AE921375E2300C3D02F /* Swinject.framework */; };
		53138AEF213761C400C3D02F /* DependencyContainer.swift in Sources */ = {isa = PBXBuildFile; fileRef = 53138AEE213761C400C3D02F /* DependencyContainer.swift */; };
		53138AF22137624F00C3D02F /* ViewModelAssembly.swift in Sources */ = {isa = PBXBuildFile; fileRef = 53138AF12137624F00C3D02F /* ViewModelAssembly.swift */; };
		53138AF4213762A200C3D02F /* ViewControllerAssembly.swift in Sources */ = {isa = PBXBuildFile; fileRef = 53138AF3213762A200C3D02F /* ViewControllerAssembly.swift */; };
		53138AF6213763C900C3D02F /* UtilityAssembly.swift in Sources */ = {isa = PBXBuildFile; fileRef = 53138AF5213763C900C3D02F /* UtilityAssembly.swift */; };
		53138AF8213763F500C3D02F /* BuilderAssembly.swift in Sources */ = {isa = PBXBuildFile; fileRef = 53138AF7213763F400C3D02F /* BuilderAssembly.swift */; };
		53138AFA2137647400C3D02F /* FlowControllerAssembly.swift in Sources */ = {isa = PBXBuildFile; fileRef = 53138AF92137647400C3D02F /* FlowControllerAssembly.swift */; };
		53138AFC2137649B00C3D02F /* ServiceAssembly.swift in Sources */ = {isa = PBXBuildFile; fileRef = 53138AFB2137649B00C3D02F /* ServiceAssembly.swift */; };
		53138AFE2137D2A100C3D02F /* EntrypointDispatcher.swift in Sources */ = {isa = PBXBuildFile; fileRef = 53138AFD2137D2A100C3D02F /* EntrypointDispatcher.swift */; };
/* End PBXBuildFile section */

/* Begin PBXFileReference section */
		53138ACC213758BB00C3D02F /* Draft.no1.app */ = {isa = PBXFileReference; explicitFileType = wrapper.application; includeInIndex = 0; path = Draft.no1.app; sourceTree = BUILT_PRODUCTS_DIR; };
		53138ACF213758BB00C3D02F /* AppDelegate.swift */ = {isa = PBXFileReference; lastKnownFileType = sourcecode.swift; path = AppDelegate.swift; sourceTree = "<group>"; };
		53138AD6213758BC00C3D02F /* Assets.xcassets */ = {isa = PBXFileReference; lastKnownFileType = folder.assetcatalog; path = Assets.xcassets; sourceTree = "<group>"; };
		53138AD9213758BC00C3D02F /* Base */ = {isa = PBXFileReference; lastKnownFileType = file.storyboard; name = Base; path = Base.lproj/LaunchScreen.storyboard; sourceTree = "<group>"; };
		53138ADB213758BC00C3D02F /* Info.plist */ = {isa = PBXFileReference; lastKnownFileType = text.plist.xml; path = Info.plist; sourceTree = "<group>"; };
		53138AE921375E2300C3D02F /* Swinject.framework */ = {isa = PBXFileReference; lastKnownFileType = wrapper.framework; name = Swinject.framework; path = Carthage/Build/iOS/Swinject.framework; sourceTree = "<group>"; };
		53138AEE213761C400C3D02F /* DependencyContainer.swift */ = {isa = PBXFileReference; lastKnownFileType = sourcecode.swift; path = DependencyContainer.swift; sourceTree = "<group>"; };
		53138AF12137624F00C3D02F /* ViewModelAssembly.swift */ = {isa = PBXFileReference; lastKnownFileType = sourcecode.swift; path = ViewModelAssembly.swift; sourceTree = "<group>"; };
		53138AF3213762A200C3D02F /* ViewControllerAssembly.swift */ = {isa = PBXFileReference; lastKnownFileType = sourcecode.swift; path = ViewControllerAssembly.swift; sourceTree = "<group>"; };
		53138AF5213763C900C3D02F /* UtilityAssembly.swift */ = {isa = PBXFileReference; lastKnownFileType = sourcecode.swift; path = UtilityAssembly.swift; sourceTree = "<group>"; };
		53138AF7213763F400C3D02F /* BuilderAssembly.swift */ = {isa = PBXFileReference; lastKnownFileType = sourcecode.swift; path = BuilderAssembly.swift; sourceTree = "<group>"; };
		53138AF92137647400C3D02F /* FlowControllerAssembly.swift */ = {isa = PBXFileReference; lastKnownFileType = sourcecode.swift; path = FlowControllerAssembly.swift; sourceTree = "<group>"; };
		53138AFB2137649B00C3D02F /* ServiceAssembly.swift */ = {isa = PBXFileReference; lastKnownFileType = sourcecode.swift; path = ServiceAssembly.swift; sourceTree = "<group>"; };
		53138AFD2137D2A100C3D02F /* EntrypointDispatcher.swift */ = {isa = PBXFileReference; lastKnownFileType = sourcecode.swift; path = EntrypointDispatcher.swift; sourceTree = "<group>"; };
/* End PBXFileReference section */

/* Begin PBXFrameworksBuildPhase section */
		53138AC9213758BB00C3D02F /* Frameworks */ = {
			isa = PBXFrameworksBuildPhase;
			buildActionMask = 2147483647;
			files = (
				53138AEA21375E2300C3D02F /* Swinject.framework in Frameworks */,
			);
			runOnlyForDeploymentPostprocessing = 0;
		};
/* End PBXFrameworksBuildPhase section */

/* Begin PBXGroup section */
		53138AC3213758BB00C3D02F = {
			isa = PBXGroup;
			children = (
				53138ACE213758BB00C3D02F /* Draft.no1 */,
				53138ACD213758BB00C3D02F /* Products */,
				53138AE821375E2200C3D02F /* Frameworks */,
			);
			sourceTree = "<group>";
		};
		53138ACD213758BB00C3D02F /* Products */ = {
			isa = PBXGroup;
			children = (
				53138ACC213758BB00C3D02F /* Draft.no1.app */,
			);
			name = Products;
			sourceTree = "<group>";
		};
		53138ACE213758BB00C3D02F /* Draft.no1 */ = {
			isa = PBXGroup;
			children = (
				53138B012137D45B00C3D02F /* EntryPoint */,
				53138AED21375FD600C3D02F /* DependencyContainer */,
				53138AE12137591600C3D02F /* Resources */,
				53138ACF213758BB00C3D02F /* AppDelegate.swift */,
				53138AD8213758BC00C3D02F /* LaunchScreen.storyboard */,
				53138ADB213758BC00C3D02F /* Info.plist */,
			);
			path = Draft.no1;
			sourceTree = "<group>";
		};
		53138AE12137591600C3D02F /* Resources */ = {
			isa = PBXGroup;
			children = (
				53138AD6213758BC00C3D02F /* Assets.xcassets */,
			);
			path = Resources;
			sourceTree = "<group>";
		};
		53138AE821375E2200C3D02F /* Frameworks */ = {
			isa = PBXGroup;
			children = (
				53138AE921375E2300C3D02F /* Swinject.framework */,
			);
			name = Frameworks;
			sourceTree = "<group>";
		};
		53138AED21375FD600C3D02F /* DependencyContainer */ = {
			isa = PBXGroup;
			children = (
				53138AEE213761C400C3D02F /* DependencyContainer.swift */,
				53138AF02137623600C3D02F /* Assemblers */,
			);
			path = DependencyContainer;
			sourceTree = "<group>";
		};
		53138AF02137623600C3D02F /* Assemblers */ = {
			isa = PBXGroup;
			children = (
				53138AF12137624F00C3D02F /* ViewModelAssembly.swift */,
				53138AF3213762A200C3D02F /* ViewControllerAssembly.swift */,
				53138AF92137647400C3D02F /* FlowControllerAssembly.swift */,
				53138AF7213763F400C3D02F /* BuilderAssembly.swift */,
				53138AF5213763C900C3D02F /* UtilityAssembly.swift */,
				53138AFB2137649B00C3D02F /* ServiceAssembly.swift */,
			);
			path = Assemblers;
			sourceTree = "<group>";
		};
		53138B012137D45B00C3D02F /* EntryPoint */ = {
			isa = PBXGroup;
			children = (
				53138AFD2137D2A100C3D02F /* EntrypointDispatcher.swift */,
			);
			path = EntryPoint;
			sourceTree = "<group>";
		};
/* End PBXGroup section */

/* Begin PBXNativeTarget section */
		53138ACB213758BB00C3D02F /* Draft.no1 */ = {
			isa = PBXNativeTarget;
			buildConfigurationList = 53138ADE213758BC00C3D02F /* Build configuration list for PBXNativeTarget "Draft.no1" */;
			buildPhases = (
				53138AC8213758BB00C3D02F /* Sources */,
				53138AC9213758BB00C3D02F /* Frameworks */,
				53138ACA213758BB00C3D02F /* Resources */,
				53138AEB21375E3500C3D02F /* Carthage - copy script */,
				53138AEC21375ED500C3D02F /* Carthage - version script */,
			);
			buildRules = (
			);
			dependencies = (
			);
			name = Draft.no1;
			productName = Draft.no1;
			productReference = 53138ACC213758BB00C3D02F /* Draft.no1.app */;
			productType = "com.apple.product-type.application";
		};
/* End PBXNativeTarget section */

/* Begin PBXProject section */
		53138AC4213758BB00C3D02F /* Project object */ = {
			isa = PBXProject;
			attributes = {
				LastSwiftUpdateCheck = 0940;
				LastUpgradeCheck = 0940;
				ORGANIZATIONNAME = "Budyn And Friends";
				TargetAttributes = {
					53138ACB213758BB00C3D02F = {
						CreatedOnToolsVersion = 9.4;
					};
				};
			};
			buildConfigurationList = 53138AC7213758BB00C3D02F /* Build configuration list for PBXProject "Draft.no1" */;
			compatibilityVersion = "Xcode 9.3";
			developmentRegion = en;
			hasScannedForEncodings = 0;
			knownRegions = (
				en,
				Base,
			);
			mainGroup = 53138AC3213758BB00C3D02F;
			productRefGroup = 53138ACD213758BB00C3D02F /* Products */;
			projectDirPath = "";
			projectRoot = "";
			targets = (
				53138ACB213758BB00C3D02F /* Draft.no1 */,
			);
		};
/* End PBXProject section */

/* Begin PBXResourcesBuildPhase section */
		53138ACA213758BB00C3D02F /* Resources */ = {
			isa = PBXResourcesBuildPhase;
			buildActionMask = 2147483647;
			files = (
				53138ADA213758BC00C3D02F /* LaunchScreen.storyboard in Resources */,
				53138AD7213758BC00C3D02F /* Assets.xcassets in Resources */,
			);
			runOnlyForDeploymentPostprocessing = 0;
		};
/* End PBXResourcesBuildPhase section */

/* Begin PBXShellScriptBuildPhase section */
		53138AEB21375E3500C3D02F /* Carthage - copy script */ = {
			isa = PBXShellScriptBuildPhase;
			buildActionMask = 2147483647;
			files = (
			);
			inputPaths = (
				"$(SRCROOT)/Carthage/Build/iOS/Swinject.framework",
			);
			name = "Carthage - copy script";
			outputPaths = (
				"$(BUILT_PRODUCTS_DIR)/$(FRAMEWORKS_FOLDER_PATH)/Swinject.framework",
			);
			runOnlyForDeploymentPostprocessing = 0;
			shellPath = /bin/sh;
			shellScript = "/usr/local/bin/carthage copy-frameworks";
		};
		53138AEC21375ED500C3D02F /* Carthage - version script */ = {
			isa = PBXShellScriptBuildPhase;
			buildActionMask = 2147483647;
			files = (
			);
			inputPaths = (
			);
			name = "Carthage - version script";
			outputPaths = (
			);
			runOnlyForDeploymentPostprocessing = 0;
			shellPath = /bin/sh;
			shellScript = "/usr/local/bin/carthage outdated --xcode-warnings";
		};
/* End PBXShellScriptBuildPhase section */

/* Begin PBXSourcesBuildPhase section */
		53138AC8213758BB00C3D02F /* Sources */ = {
			isa = PBXSourcesBuildPhase;
			buildActionMask = 2147483647;
			files = (
				53138AFA2137647400C3D02F /* FlowControllerAssembly.swift in Sources */,
				53138AFC2137649B00C3D02F /* ServiceAssembly.swift in Sources */,
				53138AF22137624F00C3D02F /* ViewModelAssembly.swift in Sources */,
				53138AF8213763F500C3D02F /* BuilderAssembly.swift in Sources */,
				53138AF6213763C900C3D02F /* UtilityAssembly.swift in Sources */,
				53138AFE2137D2A100C3D02F /* EntrypointDispatcher.swift in Sources */,
				53138AEF213761C400C3D02F /* DependencyContainer.swift in Sources */,
				53138AF4213762A200C3D02F /* ViewControllerAssembly.swift in Sources */,
				53138AD0213758BB00C3D02F /* AppDelegate.swift in Sources */,
			);
			runOnlyForDeploymentPostprocessing = 0;
		};
/* End PBXSourcesBuildPhase section */

/* Begin PBXVariantGroup section */
		53138AD8213758BC00C3D02F /* LaunchScreen.storyboard */ = {
			isa = PBXVariantGroup;
			children = (
				53138AD9213758BC00C3D02F /* Base */,
			);
			name = LaunchScreen.storyboard;
			sourceTree = "<group>";
		};
/* End PBXVariantGroup section */

/* Begin XCBuildConfiguration section */
		53138ADC213758BC00C3D02F /* Debug */ = {
			isa = XCBuildConfiguration;
			buildSettings = {
				ALWAYS_SEARCH_USER_PATHS = NO;
				CLANG_ANALYZER_NONNULL = YES;
				CLANG_ANALYZER_NUMBER_OBJECT_CONVERSION = YES_AGGRESSIVE;
				CLANG_CXX_LANGUAGE_STANDARD = "gnu++14";
				CLANG_CXX_LIBRARY = "libc++";
				CLANG_ENABLE_MODULES = YES;
				CLANG_ENABLE_OBJC_ARC = YES;
				CLANG_ENABLE_OBJC_WEAK = YES;
				CLANG_WARN_BLOCK_CAPTURE_AUTORELEASING = YES;
				CLANG_WARN_BOOL_CONVERSION = YES;
				CLANG_WARN_COMMA = YES;
				CLANG_WARN_CONSTANT_CONVERSION = YES;
				CLANG_WARN_DEPRECATED_OBJC_IMPLEMENTATIONS = YES;
				CLANG_WARN_DIRECT_OBJC_ISA_USAGE = YES_ERROR;
				CLANG_WARN_DOCUMENTATION_COMMENTS = YES;
				CLANG_WARN_EMPTY_BODY = YES;
				CLANG_WARN_ENUM_CONVERSION = YES;
				CLANG_WARN_INFINITE_RECURSION = YES;
				CLANG_WARN_INT_CONVERSION = YES;
				CLANG_WARN_NON_LITERAL_NULL_CONVERSION = YES;
				CLANG_WARN_OBJC_IMPLICIT_RETAIN_SELF = YES;
				CLANG_WARN_OBJC_LITERAL_CONVERSION = YES;
				CLANG_WARN_OBJC_ROOT_CLASS = YES_ERROR;
				CLANG_WARN_RANGE_LOOP_ANALYSIS = YES;
				CLANG_WARN_STRICT_PROTOTYPES = YES;
				CLANG_WARN_SUSPICIOUS_MOVE = YES;
				CLANG_WARN_UNGUARDED_AVAILABILITY = YES_AGGRESSIVE;
				CLANG_WARN_UNREACHABLE_CODE = YES;
				CLANG_WARN__DUPLICATE_METHOD_MATCH = YES;
				CODE_SIGN_IDENTITY = "iPhone Developer";
				COPY_PHASE_STRIP = NO;
				DEBUG_INFORMATION_FORMAT = dwarf;
				ENABLE_STRICT_OBJC_MSGSEND = YES;
				ENABLE_TESTABILITY = YES;
				GCC_C_LANGUAGE_STANDARD = gnu11;
				GCC_DYNAMIC_NO_PIC = NO;
				GCC_NO_COMMON_BLOCKS = YES;
				GCC_OPTIMIZATION_LEVEL = 0;
				GCC_PREPROCESSOR_DEFINITIONS = (
					"DEBUG=1",
					"$(inherited)",
				);
				GCC_WARN_64_TO_32_BIT_CONVERSION = YES;
				GCC_WARN_ABOUT_RETURN_TYPE = YES_ERROR;
				GCC_WARN_UNDECLARED_SELECTOR = YES;
				GCC_WARN_UNINITIALIZED_AUTOS = YES_AGGRESSIVE;
				GCC_WARN_UNUSED_FUNCTION = YES;
				GCC_WARN_UNUSED_VARIABLE = YES;
				IPHONEOS_DEPLOYMENT_TARGET = 11.4;
				MTL_ENABLE_DEBUG_INFO = YES;
				ONLY_ACTIVE_ARCH = YES;
				SDKROOT = iphoneos;
				SWIFT_ACTIVE_COMPILATION_CONDITIONS = DEBUG;
				SWIFT_OPTIMIZATION_LEVEL = "-Onone";
			};
			name = Debug;
		};
		53138ADD213758BC00C3D02F /* Release */ = {
			isa = XCBuildConfiguration;
			buildSettings = {
				ALWAYS_SEARCH_USER_PATHS = NO;
				CLANG_ANALYZER_NONNULL = YES;
				CLANG_ANALYZER_NUMBER_OBJECT_CONVERSION = YES_AGGRESSIVE;
				CLANG_CXX_LANGUAGE_STANDARD = "gnu++14";
				CLANG_CXX_LIBRARY = "libc++";
				CLANG_ENABLE_MODULES = YES;
				CLANG_ENABLE_OBJC_ARC = YES;
				CLANG_ENABLE_OBJC_WEAK = YES;
				CLANG_WARN_BLOCK_CAPTURE_AUTORELEASING = YES;
				CLANG_WARN_BOOL_CONVERSION = YES;
				CLANG_WARN_COMMA = YES;
				CLANG_WARN_CONSTANT_CONVERSION = YES;
				CLANG_WARN_DEPRECATED_OBJC_IMPLEMENTATIONS = YES;
				CLANG_WARN_DIRECT_OBJC_ISA_USAGE = YES_ERROR;
				CLANG_WARN_DOCUMENTATION_COMMENTS = YES;
				CLANG_WARN_EMPTY_BODY = YES;
				CLANG_WARN_ENUM_CONVERSION = YES;
				CLANG_WARN_INFINITE_RECURSION = YES;
				CLANG_WARN_INT_CONVERSION = YES;
				CLANG_WARN_NON_LITERAL_NULL_CONVERSION = YES;
				CLANG_WARN_OBJC_IMPLICIT_RETAIN_SELF = YES;
				CLANG_WARN_OBJC_LITERAL_CONVERSION = YES;
				CLANG_WARN_OBJC_ROOT_CLASS = YES_ERROR;
				CLANG_WARN_RANGE_LOOP_ANALYSIS = YES;
				CLANG_WARN_STRICT_PROTOTYPES = YES;
				CLANG_WARN_SUSPICIOUS_MOVE = YES;
				CLANG_WARN_UNGUARDED_AVAILABILITY = YES_AGGRESSIVE;
				CLANG_WARN_UNREACHABLE_CODE = YES;
				CLANG_WARN__DUPLICATE_METHOD_MATCH = YES;
				CODE_SIGN_IDENTITY = "iPhone Developer";
				COPY_PHASE_STRIP = NO;
				DEBUG_INFORMATION_FORMAT = "dwarf-with-dsym";
				ENABLE_NS_ASSERTIONS = NO;
				ENABLE_STRICT_OBJC_MSGSEND = YES;
				GCC_C_LANGUAGE_STANDARD = gnu11;
				GCC_NO_COMMON_BLOCKS = YES;
				GCC_WARN_64_TO_32_BIT_CONVERSION = YES;
				GCC_WARN_ABOUT_RETURN_TYPE = YES_ERROR;
				GCC_WARN_UNDECLARED_SELECTOR = YES;
				GCC_WARN_UNINITIALIZED_AUTOS = YES_AGGRESSIVE;
				GCC_WARN_UNUSED_FUNCTION = YES;
				GCC_WARN_UNUSED_VARIABLE = YES;
				IPHONEOS_DEPLOYMENT_TARGET = 11.4;
				MTL_ENABLE_DEBUG_INFO = NO;
				SDKROOT = iphoneos;
				SWIFT_COMPILATION_MODE = wholemodule;
				SWIFT_OPTIMIZATION_LEVEL = "-O";
				VALIDATE_PRODUCT = YES;
			};
			name = Release;
		};
		53138ADF213758BC00C3D02F /* Debug */ = {
			isa = XCBuildConfiguration;
			buildSettings = {
				ASSETCATALOG_COMPILER_APPICON_NAME = AppIcon;
				CODE_SIGN_STYLE = Automatic;
				DEVELOPMENT_TEAM = 5ELVSN39EP;
				FRAMEWORK_SEARCH_PATHS = (
					"$(inherited)",
					"$(PROJECT_DIR)/Carthage/Build/iOS",
				);
				INFOPLIST_FILE = Draft.no1/Info.plist;
				IPHONEOS_DEPLOYMENT_TARGET = 10.0;
				LD_RUNPATH_SEARCH_PATHS = (
					"$(inherited)",
					"@executable_path/Frameworks",
				);
				PRODUCT_BUNDLE_IDENTIFIER = "app.budyn.Draft-no1";
				PRODUCT_NAME = "$(TARGET_NAME)";
				SWIFT_VERSION = 4.0;
				TARGETED_DEVICE_FAMILY = "1,2";
			};
			name = Debug;
		};
		53138AE0213758BC00C3D02F /* Release */ = {
			isa = XCBuildConfiguration;
			buildSettings = {
				ASSETCATALOG_COMPILER_APPICON_NAME = AppIcon;
				CODE_SIGN_STYLE = Automatic;
				DEVELOPMENT_TEAM = 5ELVSN39EP;
				FRAMEWORK_SEARCH_PATHS = (
					"$(inherited)",
					"$(PROJECT_DIR)/Carthage/Build/iOS",
				);
				INFOPLIST_FILE = Draft.no1/Info.plist;
				IPHONEOS_DEPLOYMENT_TARGET = 10.0;
				LD_RUNPATH_SEARCH_PATHS = (
					"$(inherited)",
					"@executable_path/Frameworks",
				);
				PRODUCT_BUNDLE_IDENTIFIER = "app.budyn.Draft-no1";
				PRODUCT_NAME = "$(TARGET_NAME)";
				SWIFT_VERSION = 4.0;
				TARGETED_DEVICE_FAMILY = "1,2";
			};
			name = Release;
		};
/* End XCBuildConfiguration section */

/* Begin XCConfigurationList section */
		53138AC7213758BB00C3D02F /* Build configuration list for PBXProject "Draft.no1" */ = {
			isa = XCConfigurationList;
			buildConfigurations = (
				53138ADC213758BC00C3D02F /* Debug */,
				53138ADD213758BC00C3D02F /* Release */,
			);
			defaultConfigurationIsVisible = 0;
			defaultConfigurationName = Release;
		};
		53138ADE213758BC00C3D02F /* Build configuration list for PBXNativeTarget "Draft.no1" */ = {
			isa = XCConfigurationList;
			buildConfigurations = (
				53138ADF213758BC00C3D02F /* Debug */,
				53138AE0213758BC00C3D02F /* Release */,
			);
			defaultConfigurationIsVisible = 0;
			defaultConfigurationName = Release;
		};
/* End XCConfigurationList section */
	};
	rootObject = 53138AC4213758BB00C3D02F /* Project object */;
}
