// !$*UTF8*$!
{
	archiveVersion = 1;
	classes = {
	};
	objectVersion = 50;
	objects = {

/* Begin PBXBuildFile section */
		53138AEA21375E2300C3D02F /* Swinject.framework in Frameworks */ = {isa = PBXBuildFile; fileRef = 53138AE921375E2300C3D02F /* Swinject.framework */; };
		53AE35702157F07C003EBF98 /* Error+Description.swift in Sources */ = {isa = PBXBuildFile; fileRef = 53AE356F2157F07C003EBF98 /* Error+Description.swift */; };
		53AE358221582B79003EBF98 /* AppCoordinatorTests.swift in Sources */ = {isa = PBXBuildFile; fileRef = 53AE358121582B79003EBF98 /* AppCoordinatorTests.swift */; };
		53AE358421583081003EBF98 /* FakeDependencyContainer.swift in Sources */ = {isa = PBXBuildFile; fileRef = 53AE358321583081003EBF98 /* FakeDependencyContainer.swift */; };
		53AE358621583106003EBF98 /* FakeFlowControllerAssembly.swift in Sources */ = {isa = PBXBuildFile; fileRef = 53AE358521583106003EBF98 /* FakeFlowControllerAssembly.swift */; };
		53AE35892158339B003EBF98 /* Swinject.framework in Frameworks */ = {isa = PBXBuildFile; fileRef = 53138AE921375E2300C3D02F /* Swinject.framework */; };
		53AE358C215837B6003EBF98 /* FakeFlowController.swift in Sources */ = {isa = PBXBuildFile; fileRef = 53AE358B215837B6003EBF98 /* FakeFlowController.swift */; };
		53AE358E21584036003EBF98 /* EntrypointDispatcherTests.swift in Sources */ = {isa = PBXBuildFile; fileRef = 53AE358D21584036003EBF98 /* EntrypointDispatcherTests.swift */; };
		53AE35902158424B003EBF98 /* FakeCoordinator.swift in Sources */ = {isa = PBXBuildFile; fileRef = 53AE358F2158424B003EBF98 /* FakeCoordinator.swift */; };
		53AE3592215843CE003EBF98 /* FakeWindow.swift in Sources */ = {isa = PBXBuildFile; fileRef = 53AE3591215843CE003EBF98 /* FakeWindow.swift */; };
		53AE3594215844CE003EBF98 /* FakeUtilsAssembly.swift in Sources */ = {isa = PBXBuildFile; fileRef = 53AE3593215844CE003EBF98 /* FakeUtilsAssembly.swift */; };
		53AE35992158510F003EBF98 /* Error+DescriptionTests.swift in Sources */ = {isa = PBXBuildFile; fileRef = 53AE35982158510F003EBF98 /* Error+DescriptionTests.swift */; };
		53ECE49321396E840011788F /* DashboardViewController.swift in Sources */ = {isa = PBXBuildFile; fileRef = 53ECE47C21396E820011788F /* DashboardViewController.swift */; };
		53ECE49421396E840011788F /* Coordinator.swift in Sources */ = {isa = PBXBuildFile; fileRef = 53ECE47D21396E820011788F /* Coordinator.swift */; };
		53ECE49521396E840011788F /* DashboardFlowController.swift in Sources */ = {isa = PBXBuildFile; fileRef = 53ECE47E21396E830011788F /* DashboardFlowController.swift */; };
		53ECE49621396E840011788F /* Assets.xcassets in Resources */ = {isa = PBXBuildFile; fileRef = 53ECE48021396E830011788F /* Assets.xcassets */; };
		53ECE49721396E840011788F /* LaunchScreen.storyboard in Resources */ = {isa = PBXBuildFile; fileRef = 53ECE48221396E830011788F /* LaunchScreen.storyboard */; };
		53ECE49821396E840011788F /* FlowController.swift in Sources */ = {isa = PBXBuildFile; fileRef = 53ECE48421396E830011788F /* FlowController.swift */; };
		53ECE49A21396E840011788F /* AppDelegate.swift in Sources */ = {isa = PBXBuildFile; fileRef = 53ECE48621396E830011788F /* AppDelegate.swift */; };
		53ECE49B21396E840011788F /* EntrypointDispatcher.swift in Sources */ = {isa = PBXBuildFile; fileRef = 53ECE48821396E830011788F /* EntrypointDispatcher.swift */; };
		53ECE49C21396E840011788F /* DashboardBuilder.swift in Sources */ = {isa = PBXBuildFile; fileRef = 53ECE48921396E830011788F /* DashboardBuilder.swift */; };
		53ECE49D21396E840011788F /* DependencyContainer.swift in Sources */ = {isa = PBXBuildFile; fileRef = 53ECE48B21396E840011788F /* DependencyContainer.swift */; };
		53ECE49E21396E840011788F /* ServiceAssembly.swift in Sources */ = {isa = PBXBuildFile; fileRef = 53ECE48D21396E840011788F /* ServiceAssembly.swift */; };
		53ECE49F21396E840011788F /* ViewControllerAssembly.swift in Sources */ = {isa = PBXBuildFile; fileRef = 53ECE48E21396E840011788F /* ViewControllerAssembly.swift */; };
		53ECE4A021396E840011788F /* ViewModelAssembly.swift in Sources */ = {isa = PBXBuildFile; fileRef = 53ECE48F21396E840011788F /* ViewModelAssembly.swift */; };
		53ECE4A121396E840011788F /* FlowControllerAssembly.swift in Sources */ = {isa = PBXBuildFile; fileRef = 53ECE49021396E840011788F /* FlowControllerAssembly.swift */; };
		53ECE4A221396E840011788F /* BuilderAssembly.swift in Sources */ = {isa = PBXBuildFile; fileRef = 53ECE49121396E840011788F /* BuilderAssembly.swift */; };
		53ECE4A321396E840011788F /* UtilityAssembly.swift in Sources */ = {isa = PBXBuildFile; fileRef = 53ECE49221396E840011788F /* UtilityAssembly.swift */; };
/* End PBXBuildFile section */

/* Begin PBXContainerItemProxy section */
		53AE357C21582B22003EBF98 /* PBXContainerItemProxy */ = {
			isa = PBXContainerItemProxy;
			containerPortal = 53138AC4213758BB00C3D02F /* Project object */;
			proxyType = 1;
			remoteGlobalIDString = 53138ACB213758BB00C3D02F;
			remoteInfo = Draft.no1;
		};
/* End PBXContainerItemProxy section */

/* Begin PBXFileReference section */
		53138ACC213758BB00C3D02F /* Draft.no1.app */ = {isa = PBXFileReference; explicitFileType = wrapper.application; includeInIndex = 0; path = Draft.no1.app; sourceTree = BUILT_PRODUCTS_DIR; };
		53138AE921375E2300C3D02F /* Swinject.framework */ = {isa = PBXFileReference; lastKnownFileType = wrapper.framework; name = Swinject.framework; path = Carthage/Build/iOS/Swinject.framework; sourceTree = "<group>"; };
		53AE356F2157F07C003EBF98 /* Error+Description.swift */ = {isa = PBXFileReference; lastKnownFileType = sourcecode.swift; path = "Error+Description.swift"; sourceTree = "<group>"; };
		53AE357721582B22003EBF98 /* Draft.no1Tests.xctest */ = {isa = PBXFileReference; explicitFileType = wrapper.cfbundle; includeInIndex = 0; path = Draft.no1Tests.xctest; sourceTree = BUILT_PRODUCTS_DIR; };
		53AE357B21582B22003EBF98 /* Info.plist */ = {isa = PBXFileReference; lastKnownFileType = text.plist.xml; path = Info.plist; sourceTree = "<group>"; };
		53AE358121582B79003EBF98 /* AppCoordinatorTests.swift */ = {isa = PBXFileReference; lastKnownFileType = sourcecode.swift; path = AppCoordinatorTests.swift; sourceTree = "<group>"; };
		53AE358321583081003EBF98 /* FakeDependencyContainer.swift */ = {isa = PBXFileReference; lastKnownFileType = sourcecode.swift; path = FakeDependencyContainer.swift; sourceTree = "<group>"; };
		53AE358521583106003EBF98 /* FakeFlowControllerAssembly.swift */ = {isa = PBXFileReference; lastKnownFileType = sourcecode.swift; path = FakeFlowControllerAssembly.swift; sourceTree = "<group>"; };
		53AE358B215837B6003EBF98 /* FakeFlowController.swift */ = {isa = PBXFileReference; lastKnownFileType = sourcecode.swift; path = FakeFlowController.swift; sourceTree = "<group>"; };
		53AE358D21584036003EBF98 /* EntrypointDispatcherTests.swift */ = {isa = PBXFileReference; lastKnownFileType = sourcecode.swift; path = EntrypointDispatcherTests.swift; sourceTree = "<group>"; };
		53AE358F2158424B003EBF98 /* FakeCoordinator.swift */ = {isa = PBXFileReference; lastKnownFileType = sourcecode.swift; path = FakeCoordinator.swift; sourceTree = "<group>"; };
		53AE3591215843CE003EBF98 /* FakeWindow.swift */ = {isa = PBXFileReference; lastKnownFileType = sourcecode.swift; path = FakeWindow.swift; sourceTree = "<group>"; };
		53AE3593215844CE003EBF98 /* FakeUtilsAssembly.swift */ = {isa = PBXFileReference; lastKnownFileType = sourcecode.swift; path = FakeUtilsAssembly.swift; sourceTree = "<group>"; };
		53AE35982158510F003EBF98 /* Error+DescriptionTests.swift */ = {isa = PBXFileReference; lastKnownFileType = sourcecode.swift; path = "Error+DescriptionTests.swift"; sourceTree = "<group>"; };
		53ECE47C21396E820011788F /* DashboardViewController.swift */ = {isa = PBXFileReference; fileEncoding = 4; lastKnownFileType = sourcecode.swift; path = DashboardViewController.swift; sourceTree = "<group>"; };
		53ECE47D21396E820011788F /* Coordinator.swift */ = {isa = PBXFileReference; fileEncoding = 4; lastKnownFileType = sourcecode.swift; path = Coordinator.swift; sourceTree = "<group>"; };
		53ECE47E21396E830011788F /* DashboardFlowController.swift */ = {isa = PBXFileReference; fileEncoding = 4; lastKnownFileType = sourcecode.swift; path = DashboardFlowController.swift; sourceTree = "<group>"; };
		53ECE48021396E830011788F /* Assets.xcassets */ = {isa = PBXFileReference; lastKnownFileType = folder.assetcatalog; path = Assets.xcassets; sourceTree = "<group>"; };
		53ECE48321396E830011788F /* Base */ = {isa = PBXFileReference; lastKnownFileType = file.storyboard; name = Base; path = LaunchScreen.storyboard; sourceTree = "<group>"; };
		53ECE48421396E830011788F /* FlowController.swift */ = {isa = PBXFileReference; fileEncoding = 4; lastKnownFileType = sourcecode.swift; path = FlowController.swift; sourceTree = "<group>"; };
		53ECE48521396E830011788F /* Info.plist */ = {isa = PBXFileReference; fileEncoding = 4; lastKnownFileType = text.plist.xml; name = Info.plist; path = Sources/Info.plist; sourceTree = "<group>"; };
		53ECE48621396E830011788F /* AppDelegate.swift */ = {isa = PBXFileReference; fileEncoding = 4; lastKnownFileType = sourcecode.swift; name = AppDelegate.swift; path = Sources/AppDelegate.swift; sourceTree = "<group>"; };
		53ECE48821396E830011788F /* EntrypointDispatcher.swift */ = {isa = PBXFileReference; fileEncoding = 4; lastKnownFileType = sourcecode.swift; path = EntrypointDispatcher.swift; sourceTree = "<group>"; };
		53ECE48921396E830011788F /* DashboardBuilder.swift */ = {isa = PBXFileReference; fileEncoding = 4; lastKnownFileType = sourcecode.swift; path = DashboardBuilder.swift; sourceTree = "<group>"; };
		53ECE48B21396E840011788F /* DependencyContainer.swift */ = {isa = PBXFileReference; fileEncoding = 4; lastKnownFileType = sourcecode.swift; path = DependencyContainer.swift; sourceTree = "<group>"; };
		53ECE48D21396E840011788F /* ServiceAssembly.swift */ = {isa = PBXFileReference; fileEncoding = 4; lastKnownFileType = sourcecode.swift; path = ServiceAssembly.swift; sourceTree = "<group>"; };
		53ECE48E21396E840011788F /* ViewControllerAssembly.swift */ = {isa = PBXFileReference; fileEncoding = 4; lastKnownFileType = sourcecode.swift; path = ViewControllerAssembly.swift; sourceTree = "<group>"; };
		53ECE48F21396E840011788F /* ViewModelAssembly.swift */ = {isa = PBXFileReference; fileEncoding = 4; lastKnownFileType = sourcecode.swift; path = ViewModelAssembly.swift; sourceTree = "<group>"; };
		53ECE49021396E840011788F /* FlowControllerAssembly.swift */ = {isa = PBXFileReference; fileEncoding = 4; lastKnownFileType = sourcecode.swift; path = FlowControllerAssembly.swift; sourceTree = "<group>"; };
		53ECE49121396E840011788F /* BuilderAssembly.swift */ = {isa = PBXFileReference; fileEncoding = 4; lastKnownFileType = sourcecode.swift; path = BuilderAssembly.swift; sourceTree = "<group>"; };
		53ECE49221396E840011788F /* UtilityAssembly.swift */ = {isa = PBXFileReference; fileEncoding = 4; lastKnownFileType = sourcecode.swift; path = UtilityAssembly.swift; sourceTree = "<group>"; };
/* End PBXFileReference section */

/* Begin PBXFrameworksBuildPhase section */
		53138AC9213758BB00C3D02F /* Frameworks */ = {
			isa = PBXFrameworksBuildPhase;
			buildActionMask = 2147483647;
			files = (
				53138AEA21375E2300C3D02F /* Swinject.framework in Frameworks */,
			);
			runOnlyForDeploymentPostprocessing = 0;
		};
		53AE357421582B22003EBF98 /* Frameworks */ = {
			isa = PBXFrameworksBuildPhase;
			buildActionMask = 2147483647;
			files = (
				53AE35892158339B003EBF98 /* Swinject.framework in Frameworks */,
			);
			runOnlyForDeploymentPostprocessing = 0;
		};
/* End PBXFrameworksBuildPhase section */

/* Begin PBXGroup section */
		53138AC3213758BB00C3D02F = {
			isa = PBXGroup;
			children = (
				53AE359521585058003EBF98 /* Dashboard */,
				53AE359621585083003EBF98 /* Navigation */,
				53ECE48721396E830011788F /* EntryPoint */,
				53ECE48A21396E840011788F /* DependencyContainer */,
				53AE35972158509F003EBF98 /* Utilities */,
				53ECE48621396E830011788F /* AppDelegate.swift */,
				53ECE48521396E830011788F /* Info.plist */,
				53ECE48221396E830011788F /* LaunchScreen.storyboard */,
				53ECE47F21396E830011788F /* Resources */,
				53AE357821582B22003EBF98 /* Draft.no1Tests */,
				53138ACD213758BB00C3D02F /* Products */,
				53138AE821375E2200C3D02F /* Frameworks */,
			);
			sourceTree = "<group>";
		};
		53138ACD213758BB00C3D02F /* Products */ = {
			isa = PBXGroup;
			children = (
				53138ACC213758BB00C3D02F /* Draft.no1.app */,
				53AE357721582B22003EBF98 /* Draft.no1Tests.xctest */,
			);
			name = Products;
			sourceTree = "<group>";
		};
		53138AE821375E2200C3D02F /* Frameworks */ = {
			isa = PBXGroup;
			children = (
				53138AE921375E2300C3D02F /* Swinject.framework */,
			);
			name = Frameworks;
			sourceTree = "<group>";
		};
		53AE357821582B22003EBF98 /* Draft.no1Tests */ = {
			isa = PBXGroup;
			children = (
				53AE358721583153003EBF98 /* Fakes */,
				53AE358121582B79003EBF98 /* AppCoordinatorTests.swift */,
				53AE358D21584036003EBF98 /* EntrypointDispatcherTests.swift */,
				53AE35982158510F003EBF98 /* Error+DescriptionTests.swift */,
				53AE357B21582B22003EBF98 /* Info.plist */,
			);
			path = Draft.no1Tests;
			sourceTree = "<group>";
		};
		53AE358721583153003EBF98 /* Fakes */ = {
			isa = PBXGroup;
			children = (
				53AE358F2158424B003EBF98 /* FakeCoordinator.swift */,
				53AE3591215843CE003EBF98 /* FakeWindow.swift */,
				53AE358B215837B6003EBF98 /* FakeFlowController.swift */,
				53AE358321583081003EBF98 /* FakeDependencyContainer.swift */,
				53AE358521583106003EBF98 /* FakeFlowControllerAssembly.swift */,
				53AE3593215844CE003EBF98 /* FakeUtilsAssembly.swift */,
			);
			path = Fakes;
			sourceTree = "<group>";
		};
		53AE359521585058003EBF98 /* Dashboard */ = {
			isa = PBXGroup;
			children = (
				53ECE47E21396E830011788F /* DashboardFlowController.swift */,
				53ECE47C21396E820011788F /* DashboardViewController.swift */,
				53ECE48921396E830011788F /* DashboardBuilder.swift */,
			);
			path = Dashboard;
			sourceTree = "<group>";
		};
		53AE359621585083003EBF98 /* Navigation */ = {
			isa = PBXGroup;
			children = (
				53ECE47D21396E820011788F /* Coordinator.swift */,
				53ECE48421396E830011788F /* FlowController.swift */,
			);
			path = Navigation;
			sourceTree = "<group>";
		};
		53AE35972158509F003EBF98 /* Utilities */ = {
			isa = PBXGroup;
			children = (
				53AE356F2157F07C003EBF98 /* Error+Description.swift */,
			);
			path = Utilities;
			sourceTree = "<group>";
		};
		53ECE47F21396E830011788F /* Resources */ = {
			isa = PBXGroup;
			children = (
				53ECE48021396E830011788F /* Assets.xcassets */,
			);
			name = Resources;
			path = Sources/Resources;
			sourceTree = "<group>";
		};
		53ECE48721396E830011788F /* EntryPoint */ = {
			isa = PBXGroup;
			children = (
				53ECE48821396E830011788F /* EntrypointDispatcher.swift */,
			);
			name = EntryPoint;
			path = Sources/EntryPoint;
			sourceTree = "<group>";
		};
		53ECE48A21396E840011788F /* DependencyContainer */ = {
			isa = PBXGroup;
			children = (
				53ECE48B21396E840011788F /* DependencyContainer.swift */,
				53ECE48C21396E840011788F /* Assemblers */,
			);
			name = DependencyContainer;
			path = Sources/DependencyContainer;
			sourceTree = "<group>";
		};
		53ECE48C21396E840011788F /* Assemblers */ = {
			isa = PBXGroup;
			children = (
				53ECE48D21396E840011788F /* ServiceAssembly.swift */,
				53ECE48E21396E840011788F /* ViewControllerAssembly.swift */,
				53ECE48F21396E840011788F /* ViewModelAssembly.swift */,
				53ECE49021396E840011788F /* FlowControllerAssembly.swift */,
				53ECE49121396E840011788F /* BuilderAssembly.swift */,
				53ECE49221396E840011788F /* UtilityAssembly.swift */,
			);
			path = Assemblers;
			sourceTree = "<group>";
		};
/* End PBXGroup section */

/* Begin PBXNativeTarget section */
		53138ACB213758BB00C3D02F /* Draft.no1 */ = {
			isa = PBXNativeTarget;
			buildConfigurationList = 53138ADE213758BC00C3D02F /* Build configuration list for PBXNativeTarget "Draft.no1" */;
			buildPhases = (
				53138AC8213758BB00C3D02F /* Sources */,
				53138AC9213758BB00C3D02F /* Frameworks */,
				53138ACA213758BB00C3D02F /* Resources */,
				53138AEB21375E3500C3D02F /* Carthage - copy script */,
				53138AEC21375ED500C3D02F /* Carthage - version script */,
			);
			buildRules = (
			);
			dependencies = (
			);
			name = Draft.no1;
			productName = Draft.no1;
			productReference = 53138ACC213758BB00C3D02F /* Draft.no1.app */;
			productType = "com.apple.product-type.application";
		};
		53AE357621582B22003EBF98 /* Draft.no1Tests */ = {
			isa = PBXNativeTarget;
			buildConfigurationList = 53AE357E21582B22003EBF98 /* Build configuration list for PBXNativeTarget "Draft.no1Tests" */;
			buildPhases = (
				53AE357321582B22003EBF98 /* Sources */,
				53AE357421582B22003EBF98 /* Frameworks */,
				53AE357521582B22003EBF98 /* Resources */,
			);
			buildRules = (
			);
			dependencies = (
				53AE357D21582B22003EBF98 /* PBXTargetDependency */,
			);
			name = Draft.no1Tests;
			productName = Draft.no1Tests;
			productReference = 53AE357721582B22003EBF98 /* Draft.no1Tests.xctest */;
			productType = "com.apple.product-type.bundle.unit-test";
		};
/* End PBXNativeTarget section */

/* Begin PBXProject section */
		53138AC4213758BB00C3D02F /* Project object */ = {
			isa = PBXProject;
			attributes = {
				LastSwiftUpdateCheck = 1000;
				LastUpgradeCheck = 1000;
				ORGANIZATIONNAME = "Budyn And Friends";
				TargetAttributes = {
					53138ACB213758BB00C3D02F = {
						CreatedOnToolsVersion = 9.4;
						LastSwiftMigration = 1000;
					};
					53AE357621582B22003EBF98 = {
						CreatedOnToolsVersion = 10.0;
						LastSwiftMigration = 1000;
						TestTargetID = 53138ACB213758BB00C3D02F;
					};
				};
			};
			buildConfigurationList = 53138AC7213758BB00C3D02F /* Build configuration list for PBXProject "Draft.no1" */;
			compatibilityVersion = "Xcode 9.3";
			developmentRegion = en;
			hasScannedForEncodings = 0;
			knownRegions = (
				en,
				Base,
			);
			mainGroup = 53138AC3213758BB00C3D02F;
			productRefGroup = 53138ACD213758BB00C3D02F /* Products */;
			projectDirPath = "";
			projectRoot = "";
			targets = (
				53138ACB213758BB00C3D02F /* Draft.no1 */,
				53AE357621582B22003EBF98 /* Draft.no1Tests */,
			);
		};
/* End PBXProject section */

/* Begin PBXResourcesBuildPhase section */
		53138ACA213758BB00C3D02F /* Resources */ = {
			isa = PBXResourcesBuildPhase;
			buildActionMask = 2147483647;
			files = (
				53ECE49721396E840011788F /* LaunchScreen.storyboard in Resources */,
				53ECE49621396E840011788F /* Assets.xcassets in Resources */,
			);
			runOnlyForDeploymentPostprocessing = 0;
		};
		53AE357521582B22003EBF98 /* Resources */ = {
			isa = PBXResourcesBuildPhase;
			buildActionMask = 2147483647;
			files = (
			);
			runOnlyForDeploymentPostprocessing = 0;
		};
/* End PBXResourcesBuildPhase section */

/* Begin PBXShellScriptBuildPhase section */
		53138AEB21375E3500C3D02F /* Carthage - copy script */ = {
			isa = PBXShellScriptBuildPhase;
			buildActionMask = 2147483647;
			files = (
			);
			inputPaths = (
				"$(SRCROOT)/Carthage/Build/iOS/Swinject.framework",
			);
			name = "Carthage - copy script";
			outputPaths = (
				"$(BUILT_PRODUCTS_DIR)/$(FRAMEWORKS_FOLDER_PATH)/Swinject.framework",
			);
			runOnlyForDeploymentPostprocessing = 0;
			shellPath = /bin/sh;
			shellScript = "/usr/local/bin/carthage copy-frameworks\n";
		};
		53138AEC21375ED500C3D02F /* Carthage - version script */ = {
			isa = PBXShellScriptBuildPhase;
			buildActionMask = 2147483647;
			files = (
			);
			inputPaths = (
			);
			name = "Carthage - version script";
			outputPaths = (
			);
			runOnlyForDeploymentPostprocessing = 0;
			shellPath = /bin/sh;
			shellScript = "/usr/local/bin/carthage outdated --xcode-warnings";
		};
/* End PBXShellScriptBuildPhase section */

/* Begin PBXSourcesBuildPhase section */
		53138AC8213758BB00C3D02F /* Sources */ = {
			isa = PBXSourcesBuildPhase;
			buildActionMask = 2147483647;
			files = (
				53AE35702157F07C003EBF98 /* Error+Description.swift in Sources */,
				53ECE49421396E840011788F /* Coordinator.swift in Sources */,
				53ECE49521396E840011788F /* DashboardFlowController.swift in Sources */,
				53ECE4A021396E840011788F /* ViewModelAssembly.swift in Sources */,
				53ECE49E21396E840011788F /* ServiceAssembly.swift in Sources */,
				53ECE49A21396E840011788F /* AppDelegate.swift in Sources */,
				53ECE4A121396E840011788F /* FlowControllerAssembly.swift in Sources */,
				53ECE4A321396E840011788F /* UtilityAssembly.swift in Sources */,
				53ECE49321396E840011788F /* DashboardViewController.swift in Sources */,
				53ECE49B21396E840011788F /* EntrypointDispatcher.swift in Sources */,
				53ECE49F21396E840011788F /* ViewControllerAssembly.swift in Sources */,
				53ECE49821396E840011788F /* FlowController.swift in Sources */,
				53ECE49D21396E840011788F /* DependencyContainer.swift in Sources */,
				53ECE4A221396E840011788F /* BuilderAssembly.swift in Sources */,
				53ECE49C21396E840011788F /* DashboardBuilder.swift in Sources */,
			);
			runOnlyForDeploymentPostprocessing = 0;
		};
		53AE357321582B22003EBF98 /* Sources */ = {
			isa = PBXSourcesBuildPhase;
			buildActionMask = 2147483647;
			files = (
				53AE358E21584036003EBF98 /* EntrypointDispatcherTests.swift in Sources */,
				53AE35992158510F003EBF98 /* Error+DescriptionTests.swift in Sources */,
				53AE358221582B79003EBF98 /* AppCoordinatorTests.swift in Sources */,
				53AE358621583106003EBF98 /* FakeFlowControllerAssembly.swift in Sources */,
				53AE35902158424B003EBF98 /* FakeCoordinator.swift in Sources */,
				53AE3592215843CE003EBF98 /* FakeWindow.swift in Sources */,
				53AE358C215837B6003EBF98 /* FakeFlowController.swift in Sources */,
				53AE358421583081003EBF98 /* FakeDependencyContainer.swift in Sources */,
				53AE3594215844CE003EBF98 /* FakeUtilsAssembly.swift in Sources */,
			);
			runOnlyForDeploymentPostprocessing = 0;
		};
/* End PBXSourcesBuildPhase section */

/* Begin PBXTargetDependency section */
		53AE357D21582B22003EBF98 /* PBXTargetDependency */ = {
			isa = PBXTargetDependency;
			target = 53138ACB213758BB00C3D02F /* Draft.no1 */;
			targetProxy = 53AE357C21582B22003EBF98 /* PBXContainerItemProxy */;
		};
/* End PBXTargetDependency section */

/* Begin PBXVariantGroup section */
		53ECE48221396E830011788F /* LaunchScreen.storyboard */ = {
			isa = PBXVariantGroup;
			children = (
				53ECE48321396E830011788F /* Base */,
			);
			name = LaunchScreen.storyboard;
			sourceTree = "<group>";
		};
/* End PBXVariantGroup section */

/* Begin XCBuildConfiguration section */
		53138ADC213758BC00C3D02F /* Debug */ = {
			isa = XCBuildConfiguration;
			buildSettings = {
				ALWAYS_SEARCH_USER_PATHS = NO;
				CLANG_ANALYZER_LOCALIZABILITY_NONLOCALIZED = YES;
				CLANG_ANALYZER_NONNULL = YES;
				CLANG_ANALYZER_NUMBER_OBJECT_CONVERSION = YES_AGGRESSIVE;
				CLANG_CXX_LANGUAGE_STANDARD = "gnu++14";
				CLANG_CXX_LIBRARY = "libc++";
				CLANG_ENABLE_MODULES = YES;
				CLANG_ENABLE_OBJC_ARC = YES;
				CLANG_ENABLE_OBJC_WEAK = YES;
				CLANG_WARN_BLOCK_CAPTURE_AUTORELEASING = YES;
				CLANG_WARN_BOOL_CONVERSION = YES;
				CLANG_WARN_COMMA = YES;
				CLANG_WARN_CONSTANT_CONVERSION = YES;
				CLANG_WARN_DEPRECATED_OBJC_IMPLEMENTATIONS = YES;
				CLANG_WARN_DIRECT_OBJC_ISA_USAGE = YES_ERROR;
				CLANG_WARN_DOCUMENTATION_COMMENTS = YES;
				CLANG_WARN_EMPTY_BODY = YES;
				CLANG_WARN_ENUM_CONVERSION = YES;
				CLANG_WARN_INFINITE_RECURSION = YES;
				CLANG_WARN_INT_CONVERSION = YES;
				CLANG_WARN_NON_LITERAL_NULL_CONVERSION = YES;
				CLANG_WARN_OBJC_IMPLICIT_RETAIN_SELF = YES;
				CLANG_WARN_OBJC_LITERAL_CONVERSION = YES;
				CLANG_WARN_OBJC_ROOT_CLASS = YES_ERROR;
				CLANG_WARN_RANGE_LOOP_ANALYSIS = YES;
				CLANG_WARN_STRICT_PROTOTYPES = YES;
				CLANG_WARN_SUSPICIOUS_MOVE = YES;
				CLANG_WARN_UNGUARDED_AVAILABILITY = YES_AGGRESSIVE;
				CLANG_WARN_UNREACHABLE_CODE = YES;
				CLANG_WARN__DUPLICATE_METHOD_MATCH = YES;
				CODE_SIGN_IDENTITY = "iPhone Developer";
				COPY_PHASE_STRIP = NO;
				DEBUG_INFORMATION_FORMAT = dwarf;
				ENABLE_STRICT_OBJC_MSGSEND = YES;
				ENABLE_TESTABILITY = YES;
				GCC_C_LANGUAGE_STANDARD = gnu11;
				GCC_DYNAMIC_NO_PIC = NO;
				GCC_NO_COMMON_BLOCKS = YES;
				GCC_OPTIMIZATION_LEVEL = 0;
				GCC_PREPROCESSOR_DEFINITIONS = (
					"DEBUG=1",
					"$(inherited)",
				);
				GCC_WARN_64_TO_32_BIT_CONVERSION = YES;
				GCC_WARN_ABOUT_RETURN_TYPE = YES_ERROR;
				GCC_WARN_UNDECLARED_SELECTOR = YES;
				GCC_WARN_UNINITIALIZED_AUTOS = YES_AGGRESSIVE;
				GCC_WARN_UNUSED_FUNCTION = YES;
				GCC_WARN_UNUSED_VARIABLE = YES;
				IPHONEOS_DEPLOYMENT_TARGET = 11.4;
				MTL_ENABLE_DEBUG_INFO = YES;
				ONLY_ACTIVE_ARCH = YES;
				SDKROOT = iphoneos;
				SWIFT_ACTIVE_COMPILATION_CONDITIONS = DEBUG;
				SWIFT_OPTIMIZATION_LEVEL = "-Onone";
				SWIFT_VERSION = 4.2;
			};
			name = Debug;
		};
		53138ADD213758BC00C3D02F /* Release */ = {
			isa = XCBuildConfiguration;
			buildSettings = {
				ALWAYS_SEARCH_USER_PATHS = NO;
				CLANG_ANALYZER_LOCALIZABILITY_NONLOCALIZED = YES;
				CLANG_ANALYZER_NONNULL = YES;
				CLANG_ANALYZER_NUMBER_OBJECT_CONVERSION = YES_AGGRESSIVE;
				CLANG_CXX_LANGUAGE_STANDARD = "gnu++14";
				CLANG_CXX_LIBRARY = "libc++";
				CLANG_ENABLE_MODULES = YES;
				CLANG_ENABLE_OBJC_ARC = YES;
				CLANG_ENABLE_OBJC_WEAK = YES;
				CLANG_WARN_BLOCK_CAPTURE_AUTORELEASING = YES;
				CLANG_WARN_BOOL_CONVERSION = YES;
				CLANG_WARN_COMMA = YES;
				CLANG_WARN_CONSTANT_CONVERSION = YES;
				CLANG_WARN_DEPRECATED_OBJC_IMPLEMENTATIONS = YES;
				CLANG_WARN_DIRECT_OBJC_ISA_USAGE = YES_ERROR;
				CLANG_WARN_DOCUMENTATION_COMMENTS = YES;
				CLANG_WARN_EMPTY_BODY = YES;
				CLANG_WARN_ENUM_CONVERSION = YES;
				CLANG_WARN_INFINITE_RECURSION = YES;
				CLANG_WARN_INT_CONVERSION = YES;
				CLANG_WARN_NON_LITERAL_NULL_CONVERSION = YES;
				CLANG_WARN_OBJC_IMPLICIT_RETAIN_SELF = YES;
				CLANG_WARN_OBJC_LITERAL_CONVERSION = YES;
				CLANG_WARN_OBJC_ROOT_CLASS = YES_ERROR;
				CLANG_WARN_RANGE_LOOP_ANALYSIS = YES;
				CLANG_WARN_STRICT_PROTOTYPES = YES;
				CLANG_WARN_SUSPICIOUS_MOVE = YES;
				CLANG_WARN_UNGUARDED_AVAILABILITY = YES_AGGRESSIVE;
				CLANG_WARN_UNREACHABLE_CODE = YES;
				CLANG_WARN__DUPLICATE_METHOD_MATCH = YES;
				CODE_SIGN_IDENTITY = "iPhone Developer";
				COPY_PHASE_STRIP = NO;
				DEBUG_INFORMATION_FORMAT = "dwarf-with-dsym";
				ENABLE_NS_ASSERTIONS = NO;
				ENABLE_STRICT_OBJC_MSGSEND = YES;
				GCC_C_LANGUAGE_STANDARD = gnu11;
				GCC_NO_COMMON_BLOCKS = YES;
				GCC_WARN_64_TO_32_BIT_CONVERSION = YES;
				GCC_WARN_ABOUT_RETURN_TYPE = YES_ERROR;
				GCC_WARN_UNDECLARED_SELECTOR = YES;
				GCC_WARN_UNINITIALIZED_AUTOS = YES_AGGRESSIVE;
				GCC_WARN_UNUSED_FUNCTION = YES;
				GCC_WARN_UNUSED_VARIABLE = YES;
				IPHONEOS_DEPLOYMENT_TARGET = 11.4;
				MTL_ENABLE_DEBUG_INFO = NO;
				SDKROOT = iphoneos;
				SWIFT_COMPILATION_MODE = wholemodule;
				SWIFT_OPTIMIZATION_LEVEL = "-O";
				SWIFT_VERSION = 4.2;
				VALIDATE_PRODUCT = YES;
			};
			name = Release;
		};
		53138ADF213758BC00C3D02F /* Debug */ = {
			isa = XCBuildConfiguration;
			buildSettings = {
				ASSETCATALOG_COMPILER_APPICON_NAME = AppIcon;
				CODE_SIGN_STYLE = Automatic;
				DEVELOPMENT_TEAM = 5ELVSN39EP;
				FRAMEWORK_SEARCH_PATHS = (
					"$(inherited)",
					"$(PROJECT_DIR)/Carthage/Build/iOS",
				);
				INFOPLIST_FILE = "$(SRCROOT)/Sources/Info.plist";
				IPHONEOS_DEPLOYMENT_TARGET = 10.0;
				LD_RUNPATH_SEARCH_PATHS = (
					"$(inherited)",
					"@executable_path/Frameworks",
				);
				PRODUCT_BUNDLE_IDENTIFIER = "app.budyn.Draft-no1";
				PRODUCT_NAME = "$(TARGET_NAME)";
				SWIFT_VERSION = 4.2;
				TARGETED_DEVICE_FAMILY = "1,2";
			};
			name = Debug;
		};
		53138AE0213758BC00C3D02F /* Release */ = {
			isa = XCBuildConfiguration;
			buildSettings = {
				ASSETCATALOG_COMPILER_APPICON_NAME = AppIcon;
				CODE_SIGN_STYLE = Automatic;
				DEVELOPMENT_TEAM = 5ELVSN39EP;
				FRAMEWORK_SEARCH_PATHS = (
					"$(inherited)",
					"$(PROJECT_DIR)/Carthage/Build/iOS",
				);
				INFOPLIST_FILE = "$(SRCROOT)/Sources/Info.plist";
				IPHONEOS_DEPLOYMENT_TARGET = 10.0;
				LD_RUNPATH_SEARCH_PATHS = (
					"$(inherited)",
					"@executable_path/Frameworks",
				);
				PRODUCT_BUNDLE_IDENTIFIER = "app.budyn.Draft-no1";
				PRODUCT_NAME = "$(TARGET_NAME)";
				SWIFT_VERSION = 4.2;
				TARGETED_DEVICE_FAMILY = "1,2";
			};
			name = Release;
		};
		53AE357F21582B22003EBF98 /* Debug */ = {
			isa = XCBuildConfiguration;
			buildSettings = {
				BUNDLE_LOADER = "$(TEST_HOST)";
				CLANG_ENABLE_MODULES = YES;
				CODE_SIGN_STYLE = Automatic;
				DEVELOPMENT_TEAM = 5ELVSN39EP;
				FRAMEWORK_SEARCH_PATHS = (
					"$(inherited)",
					"$(PROJECT_DIR)/Carthage/Build/iOS",
				);
				INFOPLIST_FILE = Draft.no1Tests/Info.plist;
				IPHONEOS_DEPLOYMENT_TARGET = 12.0;
				LD_RUNPATH_SEARCH_PATHS = (
					"$(inherited)",
					"@executable_path/Frameworks",
					"@loader_path/Frameworks",
				);
				MTL_ENABLE_DEBUG_INFO = INCLUDE_SOURCE;
				MTL_FAST_MATH = YES;
				PRODUCT_BUNDLE_IDENTIFIER = "com.baf.Draft-no1Tests";
				PRODUCT_NAME = "$(TARGET_NAME)";
				SWIFT_OPTIMIZATION_LEVEL = "-Onone";
				SWIFT_VERSION = 4.2;
				TARGETED_DEVICE_FAMILY = "1,2";
				TEST_HOST = "$(BUILT_PRODUCTS_DIR)/Draft.no1.app/Draft.no1";
			};
			name = Debug;
		};
		53AE358021582B22003EBF98 /* Release */ = {
			isa = XCBuildConfiguration;
			buildSettings = {
				BUNDLE_LOADER = "$(TEST_HOST)";
				CLANG_ENABLE_MODULES = YES;
				CODE_SIGN_STYLE = Automatic;
				DEVELOPMENT_TEAM = 5ELVSN39EP;
				FRAMEWORK_SEARCH_PATHS = (
					"$(inherited)",
					"$(PROJECT_DIR)/Carthage/Build/iOS",
				);
				INFOPLIST_FILE = Draft.no1Tests/Info.plist;
				IPHONEOS_DEPLOYMENT_TARGET = 12.0;
				LD_RUNPATH_SEARCH_PATHS = (
					"$(inherited)",
					"@executable_path/Frameworks",
					"@loader_path/Frameworks",
				);
				MTL_FAST_MATH = YES;
				PRODUCT_BUNDLE_IDENTIFIER = "com.baf.Draft-no1Tests";
				PRODUCT_NAME = "$(TARGET_NAME)";
				SWIFT_VERSION = 4.2;
				TARGETED_DEVICE_FAMILY = "1,2";
				TEST_HOST = "$(BUILT_PRODUCTS_DIR)/Draft.no1.app/Draft.no1";
			};
			name = Release;
		};
/* End XCBuildConfiguration section */

/* Begin XCConfigurationList section */
		53138AC7213758BB00C3D02F /* Build configuration list for PBXProject "Draft.no1" */ = {
			isa = XCConfigurationList;
			buildConfigurations = (
				53138ADC213758BC00C3D02F /* Debug */,
				53138ADD213758BC00C3D02F /* Release */,
			);
			defaultConfigurationIsVisible = 0;
			defaultConfigurationName = Release;
		};
		53138ADE213758BC00C3D02F /* Build configuration list for PBXNativeTarget "Draft.no1" */ = {
			isa = XCConfigurationList;
			buildConfigurations = (
				53138ADF213758BC00C3D02F /* Debug */,
				53138AE0213758BC00C3D02F /* Release */,
			);
			defaultConfigurationIsVisible = 0;
			defaultConfigurationName = Release;
		};
		53AE357E21582B22003EBF98 /* Build configuration list for PBXNativeTarget "Draft.no1Tests" */ = {
			isa = XCConfigurationList;
			buildConfigurations = (
				53AE357F21582B22003EBF98 /* Debug */,
				53AE358021582B22003EBF98 /* Release */,
			);
			defaultConfigurationIsVisible = 0;
			defaultConfigurationName = Release;
		};
/* End XCConfigurationList section */
	};
	rootObject = 53138AC4213758BB00C3D02F /* Project object */;
}
